
Microsoft Visual Studio Solution File, Format Version 12.00
# Visual Studio Version 16
VisualStudioVersion = 16.0.29503.13
MinimumVisualStudioVersion = 10.0.40219.1
Project("{FAE04EC0-301F-11D3-BF4B-00C04F79EFBC}") = "Legit Fix", "Legit Fix\Legit Fix.csproj", "{582A8F57-B74D-42A4-9C02-801D2FFC47F3}"
EndProject
Project("{FAE04EC0-301F-11D3-BF4B-00C04F79EFBC}") = "TerminatingConsole", "Terminating Console\TerminatingConsole.csproj", "{2BC2AABB-FE6D-4C54-A440-B1300912C537}"
EndProject
Global
	GlobalSection(SolutionConfigurationPlatforms) = preSolution
		Debug|Any CPU = Debug|Any CPU
		Release|Any CPU = Release|Any CPU
	EndGlobalSection
	GlobalSection(ProjectConfigurationPlatforms) = postSolution
		{582A8F57-B74D-42A4-9C02-801D2FFC47F3}.Debug|Any CPU.ActiveCfg = Debug|Any CPU
		{582A8F57-B74D-42A4-9C02-801D2FFC47F3}.Debug|Any CPU.Build.0 = Debug|Any CPU
		{582A8F57-B74D-42A4-9C02-801D2FFC47F3}.Release|Any CPU.ActiveCfg = Release|Any CPU
		{582A8F57-B74D-42A4-9C02-801D2FFC47F3}.Release|Any CPU.Build.0 = Release|Any CPU
		{2BC2AABB-FE6D-4C54-A440-B1300912C537}.Debug|Any CPU.ActiveCfg = Debug|Any CPU
		{2BC2AABB-FE6D-4C54-A440-B1300912C537}.Debug|Any CPU.Build.0 = Debug|Any CPU
		{2BC2AABB-FE6D-4C54-A440-B1300912C537}.Release|Any CPU.ActiveCfg = Release|Any CPU
		{2BC2AABB-FE6D-4C54-A440-B1300912C537}.Release|Any CPU.Build.0 = Release|Any CPU
	EndGlobalSection
	GlobalSection(SolutionProperties) = preSolution
		HideSolutionNode = FALSE
	EndGlobalSection
	GlobalSection(ExtensibilityGlobals) = postSolution
		SolutionGuid = {4363CAC2-9185-4424-9FFF-C3EE569CC063}
	EndGlobalSection
EndGlobal
